PODS:
  - Alamofire (5.0.4)
  - Cosmos (21.0.0)
  - GoogleMaps (3.8.0):
    - GoogleMaps/Maps (= 3.8.0)
  - GoogleMaps/Base (3.8.0)
  - GoogleMaps/Maps (3.8.0):
    - GoogleMaps/Base
  - IQKeyboardManagerSwift (6.5.5)
  - SDWebImage (5.6.1):
    - SDWebImage/Core (= 5.6.1)
  - SDWebImage/Core (5.6.1)

DEPENDENCIES:
  - Alamofire
  - Cosmos
  - GoogleMaps
  - IQKeyboardManagerSwift
  - SDWebImage

SPEC REPOS:
  trunk:
    - Alamofire
    - Cosmos
    - GoogleMaps
    - IQKeyboardManagerSwift
    - SDWebImage

SPEC CHECKSUMS:
  Alamofire: 0fe5fd24b4298dc377a6550da7d5f1b30e286fcb
  Cosmos: 3dfb6e4ba48bd48b8c9aa2a77048ae11ed114f96
  GoogleMaps: 7c8d66d70e4e8c300f43a7219d8fdaad7b325a9a
  IQKeyboardManagerSwift: 0fb93310284665245591f50f7a5e38de615960b7
  SDWebImage: 7edb9c3ea661e77a66661f7f044de8c1b55d1120

PODFILE CHECKSUM: cbb8dc2b66057f4aa360ea4428e5e7a26d620a14

COCOAPODS: 1.8.4
